
Microsoft Visual Studio Solution File, Format Version 12.00
# Visual Studio 15
VisualStudioVersion = 15.0.28010.2036
MinimumVisualStudioVersion = 10.0.40219.1
Project("{FAE04EC0-301F-11D3-BF4B-00C04F79EFBC}") = "CardGames", "CardGames\CardGames.csproj", "{076CCB6E-C136-4A3D-8680-091D382E89EC}"
EndProject
Project("{FAE04EC0-301F-11D3-BF4B-00C04F79EFBC}") = "CardGameLib", "CardGameLib\CardGameLib.csproj", "{B32D8BB1-6A6C-426A-BFF1-88ACD6A84FD6}"
EndProject
Global
	GlobalSection(SolutionConfigurationPlatforms) = preSolution
		Debug|Any CPU = Debug|Any CPU
		Release|Any CPU = Release|Any CPU
	EndGlobalSection
	GlobalSection(ProjectConfigurationPlatforms) = postSolution
		{076CCB6E-C136-4A3D-8680-091D382E89EC}.Debug|Any CPU.ActiveCfg = Debug|Any CPU
		{076CCB6E-C136-4A3D-8680-091D382E89EC}.Debug|Any CPU.Build.0 = Debug|Any CPU
		{076CCB6E-C136-4A3D-8680-091D382E89EC}.Release|Any CPU.ActiveCfg = Release|Any CPU
		{076CCB6E-C136-4A3D-8680-091D382E89EC}.Release|Any CPU.Build.0 = Release|Any CPU
		{B32D8BB1-6A6C-426A-BFF1-88ACD6A84FD6}.Debug|Any CPU.ActiveCfg = Debug|Any CPU
		{B32D8BB1-6A6C-426A-BFF1-88ACD6A84FD6}.Debug|Any CPU.Build.0 = Debug|Any CPU
		{B32D8BB1-6A6C-426A-BFF1-88ACD6A84FD6}.Release|Any CPU.ActiveCfg = Release|Any CPU
		{B32D8BB1-6A6C-426A-BFF1-88ACD6A84FD6}.Release|Any CPU.Build.0 = Release|Any CPU
	EndGlobalSection
	GlobalSection(SolutionProperties) = preSolution
		HideSolutionNode = FALSE
	EndGlobalSection
	GlobalSection(ExtensibilityGlobals) = postSolution
		SolutionGuid = {3EE0096F-95C5-4EDE-A9AC-8DD3232EB568}
	EndGlobalSection
EndGlobal
